# THIS IS AN AUTOGENERATED FILE. DO NOT EDIT THIS FILE DIRECTLY.
# yarn lockfile v1


random-number@^0.0.9:
  version "0.0.9"
  resolved "https://registry.yarnpkg.com/random-number/-/random-number-0.0.9.tgz#5907b96f05041807c52aed601c869524d86fbbd5"
  integrity sha512-ipG3kRCREi/YQpi2A5QGcvDz1KemohovWmH6qGfboVyyGdR2t/7zQz0vFxrfxpbHQgPPdtVlUDaks3aikD1Ljw==
